
Microsoft Visual Studio Solution File, Format Version 12.00
# Visual Studio Version 16
VisualStudioVersion = 16.0.30330.147
MinimumVisualStudioVersion = 10.0.40219.1
Project("{FAE04EC0-301F-11D3-BF4B-00C04F79EFBC}") = "REST API", "REST API.csproj", "{B0DE18CB-B516-49AD-8414-C7D362F2A502}"
EndProject
Global
	GlobalSection(SolutionConfigurationPlatforms) = preSolution
		Debug|Any CPU = Debug|Any CPU
		Release|Any CPU = Release|Any CPU
	EndGlobalSection
	GlobalSection(ProjectConfigurationPlatforms) = postSolution
		{B0DE18CB-B516-49AD-8414-C7D362F2A502}.Debug|Any CPU.ActiveCfg = Debug|Any CPU
		{B0DE18CB-B516-49AD-8414-C7D362F2A502}.Debug|Any CPU.Build.0 = Debug|Any CPU
		{B0DE18CB-B516-49AD-8414-C7D362F2A502}.Release|Any CPU.ActiveCfg = Release|Any CPU
		{B0DE18CB-B516-49AD-8414-C7D362F2A502}.Release|Any CPU.Build.0 = Release|Any CPU
	EndGlobalSection
	GlobalSection(SolutionProperties) = preSolution
		HideSolutionNode = FALSE
	EndGlobalSection
	GlobalSection(ExtensibilityGlobals) = postSolution
		SolutionGuid = {C89B2DD2-C4CB-47A3-8F63-5B1ABA96616E}
	EndGlobalSection
EndGlobal
